
Microsoft Visual Studio Solution File, Format Version 12.00
# Visual Studio Version 17
VisualStudioVersion = 17.7.34221.43
MinimumVisualStudioVersion = 10.0.40219.1
Project("{8BC9CEB8-8B4A-11D0-8D11-00A0C91BC942}") = "main", "main.vcxproj", "{84125F80-0AE8-46F6-9F2D-8CA4541792A5}"
EndProject
Global
	GlobalSection(SolutionConfigurationPlatforms) = preSolution
		Debug|x64 = Debug|x64
		Debug|x86 = Debug|x86
		Release|x64 = Release|x64
		Release|x86 = Release|x86
	EndGlobalSection
	GlobalSection(ProjectConfigurationPlatforms) = postSolution
		{84125F80-0AE8-46F6-9F2D-8CA4541792A5}.Debug|x64.ActiveCfg = Debug|x64
		{84125F80-0AE8-46F6-9F2D-8CA4541792A5}.Debug|x64.Build.0 = Debug|x64
		{84125F80-0AE8-46F6-9F2D-8CA4541792A5}.Debug|x86.ActiveCfg = Debug|Win32
		{84125F80-0AE8-46F6-9F2D-8CA4541792A5}.Debug|x86.Build.0 = Debug|Win32
		{84125F80-0AE8-46F6-9F2D-8CA4541792A5}.Release|x64.ActiveCfg = Release|x64
		{84125F80-0AE8-46F6-9F2D-8CA4541792A5}.Release|x64.Build.0 = Release|x64
		{84125F80-0AE8-46F6-9F2D-8CA4541792A5}.Release|x86.ActiveCfg = Release|Win32
		{84125F80-0AE8-46F6-9F2D-8CA4541792A5}.Release|x86.Build.0 = Release|Win32
	EndGlobalSection
	GlobalSection(SolutionProperties) = preSolution
		HideSolutionNode = FALSE
	EndGlobalSection
	GlobalSection(ExtensibilityGlobals) = postSolution
		SolutionGuid = {5F7EF53F-A804-4086-9C46-521C5B2AABB1}
	EndGlobalSection
EndGlobal
